
Microsoft Visual Studio Solution File, Format Version 12.00
# Visual Studio 14
VisualStudioVersion = 14.0.23107.0
MinimumVisualStudioVersion = 10.0.40219.1
Project("{FAE04EC0-301F-11D3-BF4B-00C04F79EFBC}") = "GUI", "NES\GUI.csproj", "{A6A02790-95FC-4D84-9808-D82588DDE2D4}"
EndProject
Project("{2150E333-8FDC-42A3-9474-1A3956D46DE8}") = "Solution Items", "Solution Items", "{CC74ADCD-DF07-46C3-A679-3A275A02236F}"
	ProjectSection(SolutionItems) = preProject
		Performance1.psess = Performance1.psess
	EndProjectSection
EndProject
Project("{FAE04EC0-301F-11D3-BF4B-00C04F79EFBC}") = "NES.CPU", "CPU\NES.CPU.csproj", "{AEF77AF8-6FB1-4E63-BA36-7EAF9637F1FB}"
	ProjectSection(ProjectDependencies) = postProject
		{95DC085F-21F1-4E41-A53F-B156237AFF4A} = {95DC085F-21F1-4E41-A53F-B156237AFF4A}
		{DDB36965-853A-4928-8671-216C78344A84} = {DDB36965-853A-4928-8671-216C78344A84}
	EndProjectSection
EndProject
Project("{FAE04EC0-301F-11D3-BF4B-00C04F79EFBC}") = "INES", "INES\INES.csproj", "{24BB7F3E-8FCA-4765-870C-FFEB302BFF5B}"
EndProject
Project("{FAE04EC0-301F-11D3-BF4B-00C04F79EFBC}") = "NES.PPU", "NES_PPU\NES.PPU.csproj", "{DDB36965-853A-4928-8671-216C78344A84}"
EndProject
Project("{FAE04EC0-301F-11D3-BF4B-00C04F79EFBC}") = "NES.Controller", "NES.Controller\NES.Controller.csproj", "{15134FE7-97C8-45D6-AB84-B17B35A24928}"
	ProjectSection(ProjectDependencies) = postProject
		{95DC085F-21F1-4E41-A53F-B156237AFF4A} = {95DC085F-21F1-4E41-A53F-B156237AFF4A}
	EndProjectSection
EndProject
Project("{FAE04EC0-301F-11D3-BF4B-00C04F79EFBC}") = "NES.Memory", "NES.Memory\NES.Memory.csproj", "{95DC085F-21F1-4E41-A53F-B156237AFF4A}"
EndProject
Project("{FAE04EC0-301F-11D3-BF4B-00C04F79EFBC}") = "NES.Console", "NES.Console\NES.Console.csproj", "{D909FB1E-3E16-403A-9C41-7CB4BC9A4C88}"
	ProjectSection(ProjectDependencies) = postProject
		{95DC085F-21F1-4E41-A53F-B156237AFF4A} = {95DC085F-21F1-4E41-A53F-B156237AFF4A}
		{DDB36965-853A-4928-8671-216C78344A84} = {DDB36965-853A-4928-8671-216C78344A84}
		{15134FE7-97C8-45D6-AB84-B17B35A24928} = {15134FE7-97C8-45D6-AB84-B17B35A24928}
		{AEF77AF8-6FB1-4E63-BA36-7EAF9637F1FB} = {AEF77AF8-6FB1-4E63-BA36-7EAF9637F1FB}
	EndProjectSection
EndProject
Global
	GlobalSection(SolutionConfigurationPlatforms) = preSolution
		Debug|Any CPU = Debug|Any CPU
		Debug|x86 = Debug|x86
		Release|Any CPU = Release|Any CPU
		Release|x86 = Release|x86
	EndGlobalSection
	GlobalSection(ProjectConfigurationPlatforms) = postSolution
		{A6A02790-95FC-4D84-9808-D82588DDE2D4}.Debug|Any CPU.ActiveCfg = Debug|x86
		{A6A02790-95FC-4D84-9808-D82588DDE2D4}.Debug|Any CPU.Build.0 = Debug|x86
		{A6A02790-95FC-4D84-9808-D82588DDE2D4}.Debug|x86.ActiveCfg = Debug|x86
		{A6A02790-95FC-4D84-9808-D82588DDE2D4}.Debug|x86.Build.0 = Debug|x86
		{A6A02790-95FC-4D84-9808-D82588DDE2D4}.Release|Any CPU.ActiveCfg = Release|x86
		{A6A02790-95FC-4D84-9808-D82588DDE2D4}.Release|x86.ActiveCfg = Release|x86
		{A6A02790-95FC-4D84-9808-D82588DDE2D4}.Release|x86.Build.0 = Release|x86
		{AEF77AF8-6FB1-4E63-BA36-7EAF9637F1FB}.Debug|Any CPU.ActiveCfg = Debug|Any CPU
		{AEF77AF8-6FB1-4E63-BA36-7EAF9637F1FB}.Debug|Any CPU.Build.0 = Debug|Any CPU
		{AEF77AF8-6FB1-4E63-BA36-7EAF9637F1FB}.Debug|x86.ActiveCfg = Debug|Any CPU
		{AEF77AF8-6FB1-4E63-BA36-7EAF9637F1FB}.Debug|x86.Build.0 = Debug|Any CPU
		{AEF77AF8-6FB1-4E63-BA36-7EAF9637F1FB}.Release|Any CPU.ActiveCfg = Release|Any CPU
		{AEF77AF8-6FB1-4E63-BA36-7EAF9637F1FB}.Release|Any CPU.Build.0 = Release|Any CPU
		{AEF77AF8-6FB1-4E63-BA36-7EAF9637F1FB}.Release|x86.ActiveCfg = Release|Any CPU
		{AEF77AF8-6FB1-4E63-BA36-7EAF9637F1FB}.Release|x86.Build.0 = Release|Any CPU
		{24BB7F3E-8FCA-4765-870C-FFEB302BFF5B}.Debug|Any CPU.ActiveCfg = Debug|Any CPU
		{24BB7F3E-8FCA-4765-870C-FFEB302BFF5B}.Debug|Any CPU.Build.0 = Debug|Any CPU
		{24BB7F3E-8FCA-4765-870C-FFEB302BFF5B}.Debug|x86.ActiveCfg = Debug|Any CPU
		{24BB7F3E-8FCA-4765-870C-FFEB302BFF5B}.Debug|x86.Build.0 = Debug|Any CPU
		{24BB7F3E-8FCA-4765-870C-FFEB302BFF5B}.Release|Any CPU.ActiveCfg = Release|Any CPU
		{24BB7F3E-8FCA-4765-870C-FFEB302BFF5B}.Release|Any CPU.Build.0 = Release|Any CPU
		{24BB7F3E-8FCA-4765-870C-FFEB302BFF5B}.Release|x86.ActiveCfg = Release|Any CPU
		{24BB7F3E-8FCA-4765-870C-FFEB302BFF5B}.Release|x86.Build.0 = Release|Any CPU
		{DDB36965-853A-4928-8671-216C78344A84}.Debug|Any CPU.ActiveCfg = Debug|Any CPU
		{DDB36965-853A-4928-8671-216C78344A84}.Debug|Any CPU.Build.0 = Debug|Any CPU
		{DDB36965-853A-4928-8671-216C78344A84}.Debug|x86.ActiveCfg = Debug|Any CPU
		{DDB36965-853A-4928-8671-216C78344A84}.Debug|x86.Build.0 = Debug|Any CPU
		{DDB36965-853A-4928-8671-216C78344A84}.Release|Any CPU.ActiveCfg = Release|Any CPU
		{DDB36965-853A-4928-8671-216C78344A84}.Release|Any CPU.Build.0 = Release|Any CPU
		{DDB36965-853A-4928-8671-216C78344A84}.Release|x86.ActiveCfg = Release|Any CPU
		{DDB36965-853A-4928-8671-216C78344A84}.Release|x86.Build.0 = Release|Any CPU
		{15134FE7-97C8-45D6-AB84-B17B35A24928}.Debug|Any CPU.ActiveCfg = Debug|Any CPU
		{15134FE7-97C8-45D6-AB84-B17B35A24928}.Debug|Any CPU.Build.0 = Debug|Any CPU
		{15134FE7-97C8-45D6-AB84-B17B35A24928}.Debug|x86.ActiveCfg = Debug|Any CPU
		{15134FE7-97C8-45D6-AB84-B17B35A24928}.Debug|x86.Build.0 = Debug|Any CPU
		{15134FE7-97C8-45D6-AB84-B17B35A24928}.Release|Any CPU.ActiveCfg = Release|Any CPU
		{15134FE7-97C8-45D6-AB84-B17B35A24928}.Release|Any CPU.Build.0 = Release|Any CPU
		{15134FE7-97C8-45D6-AB84-B17B35A24928}.Release|x86.ActiveCfg = Release|Any CPU
		{15134FE7-97C8-45D6-AB84-B17B35A24928}.Release|x86.Build.0 = Release|Any CPU
		{95DC085F-21F1-4E41-A53F-B156237AFF4A}.Debug|Any CPU.ActiveCfg = Debug|Any CPU
		{95DC085F-21F1-4E41-A53F-B156237AFF4A}.Debug|Any CPU.Build.0 = Debug|Any CPU
		{95DC085F-21F1-4E41-A53F-B156237AFF4A}.Debug|x86.ActiveCfg = Debug|Any CPU
		{95DC085F-21F1-4E41-A53F-B156237AFF4A}.Debug|x86.Build.0 = Debug|Any CPU
		{95DC085F-21F1-4E41-A53F-B156237AFF4A}.Release|Any CPU.ActiveCfg = Release|Any CPU
		{95DC085F-21F1-4E41-A53F-B156237AFF4A}.Release|Any CPU.Build.0 = Release|Any CPU
		{95DC085F-21F1-4E41-A53F-B156237AFF4A}.Release|x86.ActiveCfg = Release|Any CPU
		{95DC085F-21F1-4E41-A53F-B156237AFF4A}.Release|x86.Build.0 = Release|Any CPU
		{D909FB1E-3E16-403A-9C41-7CB4BC9A4C88}.Debug|Any CPU.ActiveCfg = Debug|Any CPU
		{D909FB1E-3E16-403A-9C41-7CB4BC9A4C88}.Debug|Any CPU.Build.0 = Debug|Any CPU
		{D909FB1E-3E16-403A-9C41-7CB4BC9A4C88}.Debug|x86.ActiveCfg = Debug|Any CPU
		{D909FB1E-3E16-403A-9C41-7CB4BC9A4C88}.Debug|x86.Build.0 = Debug|Any CPU
		{D909FB1E-3E16-403A-9C41-7CB4BC9A4C88}.Release|Any CPU.ActiveCfg = Release|Any CPU
		{D909FB1E-3E16-403A-9C41-7CB4BC9A4C88}.Release|Any CPU.Build.0 = Release|Any CPU
		{D909FB1E-3E16-403A-9C41-7CB4BC9A4C88}.Release|x86.ActiveCfg = Release|Any CPU
		{D909FB1E-3E16-403A-9C41-7CB4BC9A4C88}.Release|x86.Build.0 = Release|Any CPU
	EndGlobalSection
	GlobalSection(SolutionProperties) = preSolution
		HideSolutionNode = FALSE
	EndGlobalSection
EndGlobal
